// !$*UTF8*$!
{
   archiveVersion = "1";
   objectVersion = "46";
   objects = {
      "EnumProperties::EnumProperties" = {
         isa = "PBXNativeTarget";
         buildConfigurationList = "OBJ_99";
         buildPhases = (
            "OBJ_102",
            "OBJ_105"
         );
         dependencies = (
            "OBJ_108",
            "OBJ_110"
         );
         name = "EnumProperties";
         productName = "EnumProperties";
         productReference = "EnumProperties::EnumProperties::Product";
         productType = "com.apple.product-type.framework";
      };
      "EnumProperties::EnumProperties::Product" = {
         isa = "PBXFileReference";
         path = "EnumProperties.framework";
         sourceTree = "BUILT_PRODUCTS_DIR";
      };
      "EnumProperties::EnumPropertiesPackageTests::ProductTarget" = {
         isa = "PBXAggregateTarget";
         buildConfigurationList = "OBJ_119";
         buildPhases = (
         );
         dependencies = (
            "OBJ_122"
         );
         name = "EnumPropertiesPackageTests";
         productName = "EnumPropertiesPackageTests";
      };
      "EnumProperties::EnumPropertiesTests" = {
         isa = "PBXNativeTarget";
         buildConfigurationList = "OBJ_124";
         buildPhases = (
            "OBJ_127",
            "OBJ_136"
         );
         dependencies = (
            "OBJ_141",
            "OBJ_143",
            "OBJ_144",
            "OBJ_145"
         );
         name = "EnumPropertiesTests";
         productName = "EnumPropertiesTests";
         productReference = "EnumProperties::EnumPropertiesTests::Product";
         productType = "com.apple.product-type.bundle.unit-test";
      };
      "EnumProperties::EnumPropertiesTests::Product" = {
         isa = "PBXFileReference";
         path = "EnumPropertiesTests.xctest";
         sourceTree = "BUILT_PRODUCTS_DIR";
      };
      "EnumProperties::SwiftPMPackageDescription" = {
         isa = "PBXNativeTarget";
         buildConfigurationList = "OBJ_113";
         buildPhases = (
            "OBJ_116"
         );
         dependencies = (
         );
         name = "EnumPropertiesPackageDescription";
         productName = "EnumPropertiesPackageDescription";
         productType = "com.apple.product-type.framework";
      };
      "EnumProperties::generate-enum-properties" = {
         isa = "PBXNativeTarget";
         buildConfigurationList = "OBJ_223";
         buildPhases = (
            "OBJ_226",
            "OBJ_228"
         );
         dependencies = (
            "OBJ_232",
            "OBJ_233",
            "OBJ_234"
         );
         name = "generate-enum-properties";
         productName = "generate_enum_properties";
         productReference = "EnumProperties::generate-enum-properties::Product";
         productType = "com.apple.product-type.tool";
      };
      "EnumProperties::generate-enum-properties::Product" = {
         isa = "PBXFileReference";
         path = "generate-enum-properties";
         sourceTree = "BUILT_PRODUCTS_DIR";
      };
      "OBJ_1" = {
         isa = "PBXProject";
         attributes = {
            LastSwiftMigration = "9999";
            LastUpgradeCheck = "9999";
         };
         buildConfigurationList = "OBJ_2";
         compatibilityVersion = "Xcode 3.2";
         developmentRegion = "en";
         hasScannedForEncodings = "0";
         knownRegions = (
            "en"
         );
         mainGroup = "OBJ_5";
         productRefGroup = "OBJ_86";
         projectDirPath = ".";
         targets = (
            "EnumProperties::EnumProperties",
            "EnumProperties::SwiftPMPackageDescription",
            "EnumProperties::EnumPropertiesPackageTests::ProductTarget",
            "EnumProperties::EnumPropertiesTests",
            "SnapshotTesting::SnapshotTesting",
            "SnapshotTesting::SwiftPMPackageDescription",
            "SwiftSyntax::SwiftSyntax",
            "SwiftSyntax::SwiftPMPackageDescription",
            "SwiftSyntax::_CSwiftSyntax",
            "EnumProperties::generate-enum-properties"
         );
      };
      "OBJ_10" = {
         isa = "PBXFileReference";
         path = "MakeEnumProperty.swift";
         sourceTree = "<group>";
      };
      "OBJ_100" = {
         isa = "XCBuildConfiguration";
         buildSettings = {
            ENABLE_TESTABILITY = "YES";
            FRAMEWORK_SEARCH_PATHS = (
               "$(inherited)",
               "$(PLATFORM_DIR)/Developer/Library/Frameworks"
            );
            HEADER_SEARCH_PATHS = (
               "$(inherited)",
               "$(SRCROOT)/.build/checkouts/swift-syntax/Sources/_CSwiftSyntax/include",
               "$(SRCROOT)/EnumProperties.xcodeproj/GeneratedModuleMap/_CSwiftSyntax"
            );
            INFOPLIST_FILE = "EnumProperties.xcodeproj/EnumProperties_Info.plist";
            IPHONEOS_DEPLOYMENT_TARGET = "8.0";
            LD_RUNPATH_SEARCH_PATHS = (
               "$(inherited)",
               "$(TOOLCHAIN_DIR)/usr/lib/swift/macosx"
            );
            MACOSX_DEPLOYMENT_TARGET = "10.10";
            OTHER_CFLAGS = (
               "$(inherited)"
            );
            OTHER_LDFLAGS = (
               "$(inherited)"
            );
            OTHER_SWIFT_FLAGS = (
               "$(inherited)",
               "-Xcc",
               "-fmodule-map-file=$(SRCROOT)/EnumProperties.xcodeproj/GeneratedModuleMap/_CSwiftSyntax/module.modulemap"
            );
            PRODUCT_BUNDLE_IDENTIFIER = "EnumProperties";
            PRODUCT_MODULE_NAME = "$(TARGET_NAME:c99extidentifier)";
            PRODUCT_NAME = "$(TARGET_NAME:c99extidentifier)";
            SKIP_INSTALL = "YES";
            SWIFT_ACTIVE_COMPILATION_CONDITIONS = (
               "$(inherited)"
            );
            SWIFT_VERSION = "5.0";
            TARGET_NAME = "EnumProperties";
            TVOS_DEPLOYMENT_TARGET = "9.0";
            WATCHOS_DEPLOYMENT_TARGET = "2.0";
         };
         name = "Debug";
      };
      "OBJ_101" = {
         isa = "XCBuildConfiguration";
         buildSettings = {
            ENABLE_TESTABILITY = "YES";
            FRAMEWORK_SEARCH_PATHS = (
               "$(inherited)",
               "$(PLATFORM_DIR)/Developer/Library/Frameworks"
            );
            HEADER_SEARCH_PATHS = (
               "$(inherited)",
               "$(SRCROOT)/.build/checkouts/swift-syntax/Sources/_CSwiftSyntax/include",
               "$(SRCROOT)/EnumProperties.xcodeproj/GeneratedModuleMap/_CSwiftSyntax"
            );
            INFOPLIST_FILE = "EnumProperties.xcodeproj/EnumProperties_Info.plist";
            IPHONEOS_DEPLOYMENT_TARGET = "8.0";
            LD_RUNPATH_SEARCH_PATHS = (
               "$(inherited)",
               "$(TOOLCHAIN_DIR)/usr/lib/swift/macosx"
            );
            MACOSX_DEPLOYMENT_TARGET = "10.10";
            OTHER_CFLAGS = (
               "$(inherited)"
            );
            OTHER_LDFLAGS = (
               "$(inherited)"
            );
            OTHER_SWIFT_FLAGS = (
               "$(inherited)",
               "-Xcc",
               "-fmodule-map-file=$(SRCROOT)/EnumProperties.xcodeproj/GeneratedModuleMap/_CSwiftSyntax/module.modulemap"
            );
            PRODUCT_BUNDLE_IDENTIFIER = "EnumProperties";
            PRODUCT_MODULE_NAME = "$(TARGET_NAME:c99extidentifier)";
            PRODUCT_NAME = "$(TARGET_NAME:c99extidentifier)";
            SKIP_INSTALL = "YES";
            SWIFT_ACTIVE_COMPILATION_CONDITIONS = (
               "$(inherited)"
            );
            SWIFT_VERSION = "5.0";
            TARGET_NAME = "EnumProperties";
            TVOS_DEPLOYMENT_TARGET = "9.0";
            WATCHOS_DEPLOYMENT_TARGET = "2.0";
         };
         name = "Release";
      };
      "OBJ_102" = {
         isa = "PBXSourcesBuildPhase";
         files = (
            "OBJ_103",
            "OBJ_104"
         );
      };
      "OBJ_103" = {
         isa = "PBXBuildFile";
         fileRef = "OBJ_9";
      };
      "OBJ_104" = {
         isa = "PBXBuildFile";
         fileRef = "OBJ_10";
      };
      "OBJ_105" = {
         isa = "PBXFrameworksBuildPhase";
         files = (
            "OBJ_106",
            "OBJ_107"
         );
      };
      "OBJ_106" = {
         isa = "PBXBuildFile";
         fileRef = "SwiftSyntax::SwiftSyntax::Product";
      };
      "OBJ_107" = {
         isa = "PBXBuildFile";
         fileRef = "SwiftSyntax::_CSwiftSyntax::Product";
      };
      "OBJ_108" = {
         isa = "PBXTargetDependency";
         target = "SwiftSyntax::SwiftSyntax";
      };
      "OBJ_11" = {
         isa = "PBXGroup";
         children = (
            "OBJ_12"
         );
         name = "generate-enum-properties";
         path = "Sources/generate-enum-properties";
         sourceTree = "SOURCE_ROOT";
      };
      "OBJ_110" = {
         isa = "PBXTargetDependency";
         target = "SwiftSyntax::_CSwiftSyntax";
      };
      "OBJ_113" = {
         isa = "XCConfigurationList";
         buildConfigurations = (
            "OBJ_114",
            "OBJ_115"
         );
         defaultConfigurationIsVisible = "0";
         defaultConfigurationName = "Release";
      };
      "OBJ_114" = {
         isa = "XCBuildConfiguration";
         buildSettings = {
            LD = "/usr/bin/true";
            OTHER_SWIFT_FLAGS = (
               "-swift-version",
               "5",
               "-I",
               "$(TOOLCHAIN_DIR)/usr/lib/swift/pm/4_2",
               "-target",
               "x86_64-apple-macosx10.10",
               "-sdk",
               "/Applications/Xcode.app/Contents/Developer/Platforms/MacOSX.platform/Developer/SDKs/MacOSX10.14.sdk"
            );
            SWIFT_VERSION = "5.0";
         };
         name = "Debug";
      };
      "OBJ_115" = {
         isa = "XCBuildConfiguration";
         buildSettings = {
            LD = "/usr/bin/true";
            OTHER_SWIFT_FLAGS = (
               "-swift-version",
               "5",
               "-I",
               "$(TOOLCHAIN_DIR)/usr/lib/swift/pm/4_2",
               "-target",
               "x86_64-apple-macosx10.10",
               "-sdk",
               "/Applications/Xcode.app/Contents/Developer/Platforms/MacOSX.platform/Developer/SDKs/MacOSX10.14.sdk"
            );
            SWIFT_VERSION = "5.0";
         };
         name = "Release";
      };
      "OBJ_116" = {
         isa = "PBXSourcesBuildPhase";
         files = (
            "OBJ_117"
         );
      };
      "OBJ_117" = {
         isa = "PBXBuildFile";
         fileRef = "OBJ_6";
      };
      "OBJ_119" = {
         isa = "XCConfigurationList";
         buildConfigurations = (
            "OBJ_120",
            "OBJ_121"
         );
         defaultConfigurationIsVisible = "0";
         defaultConfigurationName = "Release";
      };
      "OBJ_12" = {
         isa = "PBXFileReference";
         path = "main.swift";
         sourceTree = "<group>";
      };
      "OBJ_120" = {
         isa = "XCBuildConfiguration";
         buildSettings = {
         };
         name = "Debug";
      };
      "OBJ_121" = {
         isa = "XCBuildConfiguration";
         buildSettings = {
         };
         name = "Release";
      };
      "OBJ_122" = {
         isa = "PBXTargetDependency";
         target = "EnumProperties::EnumPropertiesTests";
      };
      "OBJ_124" = {
         isa = "XCConfigurationList";
         buildConfigurations = (
            "OBJ_125",
            "OBJ_126"
         );
         defaultConfigurationIsVisible = "0";
         defaultConfigurationName = "Release";
      };
      "OBJ_125" = {
         isa = "XCBuildConfiguration";
         buildSettings = {
            CLANG_ENABLE_MODULES = "YES";
            EMBEDDED_CONTENT_CONTAINS_SWIFT = "YES";
            FRAMEWORK_SEARCH_PATHS = (
               "$(inherited)",
               "$(PLATFORM_DIR)/Developer/Library/Frameworks"
            );
            HEADER_SEARCH_PATHS = (
               "$(inherited)",
               "$(SRCROOT)/.build/checkouts/swift-syntax/Sources/_CSwiftSyntax/include",
               "$(SRCROOT)/EnumProperties.xcodeproj/GeneratedModuleMap/_CSwiftSyntax"
            );
            INFOPLIST_FILE = "EnumProperties.xcodeproj/EnumPropertiesTests_Info.plist";
            IPHONEOS_DEPLOYMENT_TARGET = "8.0";
            LD_RUNPATH_SEARCH_PATHS = (
               "$(inherited)",
               "@loader_path/../Frameworks",
               "@loader_path/Frameworks"
            );
            MACOSX_DEPLOYMENT_TARGET = "10.10";
            OTHER_CFLAGS = (
               "$(inherited)"
            );
            OTHER_LDFLAGS = (
               "$(inherited)"
            );
            OTHER_SWIFT_FLAGS = (
               "$(inherited)",
               "-Xcc",
               "-fmodule-map-file=$(SRCROOT)/EnumProperties.xcodeproj/GeneratedModuleMap/_CSwiftSyntax/module.modulemap"
            );
            SWIFT_ACTIVE_COMPILATION_CONDITIONS = (
               "$(inherited)"
            );
            SWIFT_VERSION = "5.0";
            TARGET_NAME = "EnumPropertiesTests";
            TVOS_DEPLOYMENT_TARGET = "9.0";
            WATCHOS_DEPLOYMENT_TARGET = "2.0";
         };
         name = "Debug";
      };
      "OBJ_126" = {
         isa = "XCBuildConfiguration";
         buildSettings = {
            CLANG_ENABLE_MODULES = "YES";
            EMBEDDED_CONTENT_CONTAINS_SWIFT = "YES";
            FRAMEWORK_SEARCH_PATHS = (
               "$(inherited)",
               "$(PLATFORM_DIR)/Developer/Library/Frameworks"
            );
            HEADER_SEARCH_PATHS = (
               "$(inherited)",
               "$(SRCROOT)/.build/checkouts/swift-syntax/Sources/_CSwiftSyntax/include",
               "$(SRCROOT)/EnumProperties.xcodeproj/GeneratedModuleMap/_CSwiftSyntax"
            );
            INFOPLIST_FILE = "EnumProperties.xcodeproj/EnumPropertiesTests_Info.plist";
            IPHONEOS_DEPLOYMENT_TARGET = "8.0";
            LD_RUNPATH_SEARCH_PATHS = (
               "$(inherited)",
               "@loader_path/../Frameworks",
               "@loader_path/Frameworks"
            );
            MACOSX_DEPLOYMENT_TARGET = "10.10";
            OTHER_CFLAGS = (
               "$(inherited)"
            );
            OTHER_LDFLAGS = (
               "$(inherited)"
            );
            OTHER_SWIFT_FLAGS = (
               "$(inherited)",
               "-Xcc",
               "-fmodule-map-file=$(SRCROOT)/EnumProperties.xcodeproj/GeneratedModuleMap/_CSwiftSyntax/module.modulemap"
            );
            SWIFT_ACTIVE_COMPILATION_CONDITIONS = (
               "$(inherited)"
            );
            SWIFT_VERSION = "5.0";
            TARGET_NAME = "EnumPropertiesTests";
            TVOS_DEPLOYMENT_TARGET = "9.0";
            WATCHOS_DEPLOYMENT_TARGET = "2.0";
         };
         name = "Release";
      };
      "OBJ_127" = {
         isa = "PBXSourcesBuildPhase";
         files = (
            "OBJ_128",
            "OBJ_129",
            "OBJ_130",
            "OBJ_131",
            "OBJ_132",
            "OBJ_133",
            "OBJ_134",
            "OBJ_135"
         );
      };
      "OBJ_128" = {
         isa = "PBXBuildFile";
         fileRef = "OBJ_15";
      };
      "OBJ_129" = {
         isa = "PBXBuildFile";
         fileRef = "OBJ_16";
      };
      "OBJ_13" = {
         isa = "PBXGroup";
         children = (
            "OBJ_14"
         );
         name = "Tests";
         path = "";
         sourceTree = "SOURCE_ROOT";
      };
      "OBJ_130" = {
         isa = "PBXBuildFile";
         fileRef = "OBJ_19";
      };
      "OBJ_131" = {
         isa = "PBXBuildFile";
         fileRef = "OBJ_20";
      };
      "OBJ_132" = {
         isa = "PBXBuildFile";
         fileRef = "OBJ_21";
      };
      "OBJ_133" = {
         isa = "PBXBuildFile";
         fileRef = "OBJ_22";
      };
      "OBJ_134" = {
         isa = "PBXBuildFile";
         fileRef = "OBJ_23";
      };
      "OBJ_135" = {
         isa = "PBXBuildFile";
         fileRef = "OBJ_24";
      };
      "OBJ_136" = {
         isa = "PBXFrameworksBuildPhase";
         files = (
            "OBJ_137",
            "OBJ_138",
            "OBJ_139",
            "OBJ_140"
         );
      };
      "OBJ_137" = {
         isa = "PBXBuildFile";
         fileRef = "SnapshotTesting::SnapshotTesting::Product";
      };
      "OBJ_138" = {
         isa = "PBXBuildFile";
         fileRef = "EnumProperties::EnumProperties::Product";
      };
      "OBJ_139" = {
         isa = "PBXBuildFile";
         fileRef = "SwiftSyntax::SwiftSyntax::Product";
      };
      "OBJ_14" = {
         isa = "PBXGroup";
         children = (
            "OBJ_15",
            "OBJ_16",
            "OBJ_17"
         );
         name = "EnumPropertiesTests";
         path = "Tests/EnumPropertiesTests";
         sourceTree = "SOURCE_ROOT";
      };
      "OBJ_140" = {
         isa = "PBXBuildFile";
         fileRef = "SwiftSyntax::_CSwiftSyntax::Product";
      };
      "OBJ_141" = {
         isa = "PBXTargetDependency";
         target = "SnapshotTesting::SnapshotTesting";
      };
      "OBJ_143" = {
         isa = "PBXTargetDependency";
         target = "EnumProperties::EnumProperties";
      };
      "OBJ_144" = {
         isa = "PBXTargetDependency";
         target = "SwiftSyntax::SwiftSyntax";
      };
      "OBJ_145" = {
         isa = "PBXTargetDependency";
         target = "SwiftSyntax::_CSwiftSyntax";
      };
      "OBJ_146" = {
         isa = "XCConfigurationList";
         buildConfigurations = (
            "OBJ_147",
            "OBJ_148"
         );
         defaultConfigurationIsVisible = "0";
         defaultConfigurationName = "Release";
      };
      "OBJ_147" = {
         isa = "XCBuildConfiguration";
         buildSettings = {
            ENABLE_TESTABILITY = "YES";
            FRAMEWORK_SEARCH_PATHS = (
               "$(inherited)",
               "$(PLATFORM_DIR)/Developer/Library/Frameworks"
            );
            HEADER_SEARCH_PATHS = (
               "$(inherited)"
            );
            INFOPLIST_FILE = "EnumProperties.xcodeproj/SnapshotTesting_Info.plist";
            IPHONEOS_DEPLOYMENT_TARGET = "8.0";
            LD_RUNPATH_SEARCH_PATHS = (
               "$(inherited)",
               "$(TOOLCHAIN_DIR)/usr/lib/swift/macosx"
            );
            MACOSX_DEPLOYMENT_TARGET = "10.10";
            OTHER_CFLAGS = (
               "$(inherited)"
            );
            OTHER_LDFLAGS = (
               "$(inherited)"
            );
            OTHER_SWIFT_FLAGS = (
               "$(inherited)"
            );
            PRODUCT_BUNDLE_IDENTIFIER = "SnapshotTesting";
            PRODUCT_MODULE_NAME = "$(TARGET_NAME:c99extidentifier)";
            PRODUCT_NAME = "$(TARGET_NAME:c99extidentifier)";
            SKIP_INSTALL = "YES";
            SWIFT_ACTIVE_COMPILATION_CONDITIONS = (
               "$(inherited)"
            );
            SWIFT_VERSION = "5.0";
            TARGET_NAME = "SnapshotTesting";
            TVOS_DEPLOYMENT_TARGET = "9.0";
            WATCHOS_DEPLOYMENT_TARGET = "2.0";
         };
         name = "Debug";
      };
      "OBJ_148" = {
         isa = "XCBuildConfiguration";
         buildSettings = {
            ENABLE_TESTABILITY = "YES";
            FRAMEWORK_SEARCH_PATHS = (
               "$(inherited)",
               "$(PLATFORM_DIR)/Developer/Library/Frameworks"
            );
            HEADER_SEARCH_PATHS = (
               "$(inherited)"
            );
            INFOPLIST_FILE = "EnumProperties.xcodeproj/SnapshotTesting_Info.plist";
            IPHONEOS_DEPLOYMENT_TARGET = "8.0";
            LD_RUNPATH_SEARCH_PATHS = (
               "$(inherited)",
               "$(TOOLCHAIN_DIR)/usr/lib/swift/macosx"
            );
            MACOSX_DEPLOYMENT_TARGET = "10.10";
            OTHER_CFLAGS = (
               "$(inherited)"
            );
            OTHER_LDFLAGS = (
               "$(inherited)"
            );
            OTHER_SWIFT_FLAGS = (
               "$(inherited)"
            );
            PRODUCT_BUNDLE_IDENTIFIER = "SnapshotTesting";
            PRODUCT_MODULE_NAME = "$(TARGET_NAME:c99extidentifier)";
            PRODUCT_NAME = "$(TARGET_NAME:c99extidentifier)";
            SKIP_INSTALL = "YES";
            SWIFT_ACTIVE_COMPILATION_CONDITIONS = (
               "$(inherited)"
            );
            SWIFT_VERSION = "5.0";
            TARGET_NAME = "SnapshotTesting";
            TVOS_DEPLOYMENT_TARGET = "9.0";
            WATCHOS_DEPLOYMENT_TARGET = "2.0";
         };
         name = "Release";
      };
      "OBJ_149" = {
         isa = "PBXSourcesBuildPhase";
         files = (
            "OBJ_150",
            "OBJ_151",
            "OBJ_152",
            "OBJ_153",
            "OBJ_154",
            "OBJ_155",
            "OBJ_156",
            "OBJ_157",
            "OBJ_158",
            "OBJ_159",
            "OBJ_160",
            "OBJ_161",
            "OBJ_162",
            "OBJ_163",
            "OBJ_164",
            "OBJ_165",
            "OBJ_166",
            "OBJ_167",
            "OBJ_168",
            "OBJ_169",
            "OBJ_170",
            "OBJ_171",
            "OBJ_172",
            "OBJ_173",
            "OBJ_174",
            "OBJ_175",
            "OBJ_176"
         );
      };
      "OBJ_15" = {
         isa = "PBXFileReference";
         path = "EnumPropertiesTests.swift";
         sourceTree = "<group>";
      };
      "OBJ_150" = {
         isa = "PBXBuildFile";
         fileRef = "OBJ_28";
      };
      "OBJ_151" = {
         isa = "PBXBuildFile";
         fileRef = "OBJ_29";
      };
      "OBJ_152" = {
         isa = "PBXBuildFile";
         fileRef = "OBJ_30";
      };
      "OBJ_153" = {
         isa = "PBXBuildFile";
         fileRef = "OBJ_32";
      };
      "OBJ_154" = {
         isa = "PBXBuildFile";
         fileRef = "OBJ_33";
      };
      "OBJ_155" = {
         isa = "PBXBuildFile";
         fileRef = "OBJ_34";
      };
      "OBJ_156" = {
         isa = "PBXBuildFile";
         fileRef = "OBJ_35";
      };
      "OBJ_157" = {
         isa = "PBXBuildFile";
         fileRef = "OBJ_36";
      };
      "OBJ_158" = {
         isa = "PBXBuildFile";
         fileRef = "OBJ_37";
      };
      "OBJ_159" = {
         isa = "PBXBuildFile";
         fileRef = "OBJ_38";
      };
      "OBJ_16" = {
         isa = "PBXFileReference";
         path = "XCTestManifests.swift";
         sourceTree = "<group>";
      };
      "OBJ_160" = {
         isa = "PBXBuildFile";
         fileRef = "OBJ_39";
      };
      "OBJ_161" = {
         isa = "PBXBuildFile";
         fileRef = "OBJ_41";
      };
      "OBJ_162" = {
         isa = "PBXBuildFile";
         fileRef = "OBJ_42";
      };
      "OBJ_163" = {
         isa = "PBXBuildFile";
         fileRef = "OBJ_43";
      };
      "OBJ_164" = {
         isa = "PBXBuildFile";
         fileRef = "OBJ_44";
      };
      "OBJ_165" = {
         isa = "PBXBuildFile";
         fileRef = "OBJ_45";
      };
      "OBJ_166" = {
         isa = "PBXBuildFile";
         fileRef = "OBJ_46";
      };
      "OBJ_167" = {
         isa = "PBXBuildFile";
         fileRef = "OBJ_47";
      };
      "OBJ_168" = {
         isa = "PBXBuildFile";
         fileRef = "OBJ_48";
      };
      "OBJ_169" = {
         isa = "PBXBuildFile";
         fileRef = "OBJ_49";
      };
      "OBJ_17" = {
         isa = "PBXGroup";
         children = (
            "OBJ_18"
         );
         name = "__Snapshots__";
         path = "__Snapshots__";
         sourceTree = "<group>";
      };
      "OBJ_170" = {
         isa = "PBXBuildFile";
         fileRef = "OBJ_50";
      };
      "OBJ_171" = {
         isa = "PBXBuildFile";
         fileRef = "OBJ_51";
      };
      "OBJ_172" = {
         isa = "PBXBuildFile";
         fileRef = "OBJ_52";
      };
      "OBJ_173" = {
         isa = "PBXBuildFile";
         fileRef = "OBJ_53";
      };
      "OBJ_174" = {
         isa = "PBXBuildFile";
         fileRef = "OBJ_54";
      };
      "OBJ_175" = {
         isa = "PBXBuildFile";
         fileRef = "OBJ_55";
      };
      "OBJ_176" = {
         isa = "PBXBuildFile";
         fileRef = "OBJ_56";
      };
      "OBJ_177" = {
         isa = "PBXFrameworksBuildPhase";
         files = (
         );
      };
      "OBJ_179" = {
         isa = "XCConfigurationList";
         buildConfigurations = (
            "OBJ_180",
            "OBJ_181"
         );
         defaultConfigurationIsVisible = "0";
         defaultConfigurationName = "Release";
      };
      "OBJ_18" = {
         isa = "PBXGroup";
         children = (
            "OBJ_19",
            "OBJ_20",
            "OBJ_21",
            "OBJ_22",
            "OBJ_23",
            "OBJ_24"
         );
         name = "EnumPropertiesTests";
         path = "EnumPropertiesTests";
         sourceTree = "<group>";
      };
      "OBJ_180" = {
         isa = "XCBuildConfiguration";
         buildSettings = {
            LD = "/usr/bin/true";
            OTHER_SWIFT_FLAGS = (
               "-swift-version",
               "5",
               "-I",
               "$(TOOLCHAIN_DIR)/usr/lib/swift/pm/4_2",
               "-target",
               "x86_64-apple-macosx10.10",
               "-sdk",
               "/Applications/Xcode.app/Contents/Developer/Platforms/MacOSX.platform/Developer/SDKs/MacOSX10.14.sdk"
            );
            SWIFT_VERSION = "5.0";
         };
         name = "Debug";
      };
      "OBJ_181" = {
         isa = "XCBuildConfiguration";
         buildSettings = {
            LD = "/usr/bin/true";
            OTHER_SWIFT_FLAGS = (
               "-swift-version",
               "5",
               "-I",
               "$(TOOLCHAIN_DIR)/usr/lib/swift/pm/4_2",
               "-target",
               "x86_64-apple-macosx10.10",
               "-sdk",
               "/Applications/Xcode.app/Contents/Developer/Platforms/MacOSX.platform/Developer/SDKs/MacOSX10.14.sdk"
            );
            SWIFT_VERSION = "5.0";
         };
         name = "Release";
      };
      "OBJ_182" = {
         isa = "PBXSourcesBuildPhase";
         files = (
            "OBJ_183"
         );
      };
      "OBJ_183" = {
         isa = "PBXBuildFile";
         fileRef = "OBJ_57";
      };
      "OBJ_184" = {
         isa = "XCConfigurationList";
         buildConfigurations = (
            "OBJ_185",
            "OBJ_186"
         );
         defaultConfigurationIsVisible = "0";
         defaultConfigurationName = "Release";
      };
      "OBJ_185" = {
         isa = "XCBuildConfiguration";
         buildSettings = {
            ENABLE_TESTABILITY = "YES";
            FRAMEWORK_SEARCH_PATHS = (
               "$(inherited)",
               "$(PLATFORM_DIR)/Developer/Library/Frameworks"
            );
            HEADER_SEARCH_PATHS = (
               "$(inherited)",
               "$(SRCROOT)/.build/checkouts/swift-syntax/Sources/_CSwiftSyntax/include",
               "$(SRCROOT)/EnumProperties.xcodeproj/GeneratedModuleMap/_CSwiftSyntax"
            );
            INFOPLIST_FILE = "EnumProperties.xcodeproj/SwiftSyntax_Info.plist";
            LD_RUNPATH_SEARCH_PATHS = (
               "$(inherited)",
               "$(TOOLCHAIN_DIR)/usr/lib/swift/macosx"
            );
            OTHER_CFLAGS = (
               "$(inherited)"
            );
            OTHER_LDFLAGS = (
               "$(inherited)"
            );
            OTHER_SWIFT_FLAGS = (
               "$(inherited)",
               "-Xcc",
               "-fmodule-map-file=$(SRCROOT)/EnumProperties.xcodeproj/GeneratedModuleMap/_CSwiftSyntax/module.modulemap"
            );
            PRODUCT_BUNDLE_IDENTIFIER = "SwiftSyntax";
            PRODUCT_MODULE_NAME = "$(TARGET_NAME:c99extidentifier)";
            PRODUCT_NAME = "$(TARGET_NAME:c99extidentifier)";
            SKIP_INSTALL = "YES";
            SWIFT_ACTIVE_COMPILATION_CONDITIONS = (
               "$(inherited)"
            );
            SWIFT_VERSION = "4.2";
            TARGET_NAME = "SwiftSyntax";
         };
         name = "Debug";
      };
      "OBJ_186" = {
         isa = "XCBuildConfiguration";
         buildSettings = {
            ENABLE_TESTABILITY = "YES";
            FRAMEWORK_SEARCH_PATHS = (
               "$(inherited)",
               "$(PLATFORM_DIR)/Developer/Library/Frameworks"
            );
            HEADER_SEARCH_PATHS = (
               "$(inherited)",
               "$(SRCROOT)/.build/checkouts/swift-syntax/Sources/_CSwiftSyntax/include",
               "$(SRCROOT)/EnumProperties.xcodeproj/GeneratedModuleMap/_CSwiftSyntax"
            );
            INFOPLIST_FILE = "EnumProperties.xcodeproj/SwiftSyntax_Info.plist";
            LD_RUNPATH_SEARCH_PATHS = (
               "$(inherited)",
               "$(TOOLCHAIN_DIR)/usr/lib/swift/macosx"
            );
            OTHER_CFLAGS = (
               "$(inherited)"
            );
            OTHER_LDFLAGS = (
               "$(inherited)"
            );
            OTHER_SWIFT_FLAGS = (
               "$(inherited)",
               "-Xcc",
               "-fmodule-map-file=$(SRCROOT)/EnumProperties.xcodeproj/GeneratedModuleMap/_CSwiftSyntax/module.modulemap"
            );
            PRODUCT_BUNDLE_IDENTIFIER = "SwiftSyntax";
            PRODUCT_MODULE_NAME = "$(TARGET_NAME:c99extidentifier)";
            PRODUCT_NAME = "$(TARGET_NAME:c99extidentifier)";
            SKIP_INSTALL = "YES";
            SWIFT_ACTIVE_COMPILATION_CONDITIONS = (
               "$(inherited)"
            );
            SWIFT_VERSION = "4.2";
            TARGET_NAME = "SwiftSyntax";
         };
         name = "Release";
      };
      "OBJ_187" = {
         isa = "PBXSourcesBuildPhase";
         files = (
            "OBJ_188",
            "OBJ_189",
            "OBJ_190",
            "OBJ_191",
            "OBJ_192",
            "OBJ_193",
            "OBJ_194",
            "OBJ_195",
            "OBJ_196",
            "OBJ_197",
            "OBJ_198",
            "OBJ_199",
            "OBJ_200",
            "OBJ_201",
            "OBJ_202",
            "OBJ_203",
            "OBJ_204",
            "OBJ_205",
            "OBJ_206"
         );
      };
      "OBJ_188" = {
         isa = "PBXBuildFile";
         fileRef = "OBJ_60";
      };
      "OBJ_189" = {
         isa = "PBXBuildFile";
         fileRef = "OBJ_61";
      };
      "OBJ_19" = {
         isa = "PBXFileReference";
         path = "testNoAssociatedValues.1.swift";
         sourceTree = "<group>";
      };
      "OBJ_190" = {
         isa = "PBXBuildFile";
         fileRef = "OBJ_62";
      };
      "OBJ_191" = {
         isa = "PBXBuildFile";
         fileRef = "OBJ_63";
      };
      "OBJ_192" = {
         isa = "PBXBuildFile";
         fileRef = "OBJ_64";
      };
      "OBJ_193" = {
         isa = "PBXBuildFile";
         fileRef = "OBJ_65";
      };
      "OBJ_194" = {
         isa = "PBXBuildFile";
         fileRef = "OBJ_66";
      };
      "OBJ_195" = {
         isa = "PBXBuildFile";
         fileRef = "OBJ_67";
      };
      "OBJ_196" = {
         isa = "PBXBuildFile";
         fileRef = "OBJ_68";
      };
      "OBJ_197" = {
         isa = "PBXBuildFile";
         fileRef = "OBJ_69";
      };
      "OBJ_198" = {
         isa = "PBXBuildFile";
         fileRef = "OBJ_70";
      };
      "OBJ_199" = {
         isa = "PBXBuildFile";
         fileRef = "OBJ_71";
      };
      "OBJ_2" = {
         isa = "XCConfigurationList";
         buildConfigurations = (
            "OBJ_3",
            "OBJ_4"
         );
         defaultConfigurationIsVisible = "0";
         defaultConfigurationName = "Release";
      };
      "OBJ_20" = {
         isa = "PBXFileReference";
         path = "testRewriteEscaped.1.swift";
         sourceTree = "<group>";
      };
      "OBJ_200" = {
         isa = "PBXBuildFile";
         fileRef = "OBJ_72";
      };
      "OBJ_201" = {
         isa = "PBXBuildFile";
         fileRef = "OBJ_73";
      };
      "OBJ_202" = {
         isa = "PBXBuildFile";
         fileRef = "OBJ_74";
      };
      "OBJ_203" = {
         isa = "PBXBuildFile";
         fileRef = "OBJ_75";
      };
      "OBJ_204" = {
         isa = "PBXBuildFile";
         fileRef = "OBJ_76";
      };
      "OBJ_205" = {
         isa = "PBXBuildFile";
         fileRef = "OBJ_77";
      };
      "OBJ_206" = {
         isa = "PBXBuildFile";
         fileRef = "OBJ_78";
      };
      "OBJ_207" = {
         isa = "PBXFrameworksBuildPhase";
         files = (
            "OBJ_208"
         );
      };
      "OBJ_208" = {
         isa = "PBXBuildFile";
         fileRef = "SwiftSyntax::_CSwiftSyntax::Product";
      };
      "OBJ_209" = {
         isa = "PBXTargetDependency";
         target = "SwiftSyntax::_CSwiftSyntax";
      };
      "OBJ_21" = {
         isa = "PBXFileReference";
         path = "testRewriteExisting.1.swift";
         sourceTree = "<group>";
      };
      "OBJ_211" = {
         isa = "XCConfigurationList";
         buildConfigurations = (
            "OBJ_212",
            "OBJ_213"
         );
         defaultConfigurationIsVisible = "0";
         defaultConfigurationName = "Release";
      };
      "OBJ_212" = {
         isa = "XCBuildConfiguration";
         buildSettings = {
            LD = "/usr/bin/true";
            OTHER_SWIFT_FLAGS = (
               "-swift-version",
               "4.2",
               "-I",
               "$(TOOLCHAIN_DIR)/usr/lib/swift/pm/4_2",
               "-target",
               "x86_64-apple-macosx10.10",
               "-sdk",
               "/Applications/Xcode.app/Contents/Developer/Platforms/MacOSX.platform/Developer/SDKs/MacOSX10.14.sdk"
            );
            SWIFT_VERSION = "4.2";
         };
         name = "Debug";
      };
      "OBJ_213" = {
         isa = "XCBuildConfiguration";
         buildSettings = {
            LD = "/usr/bin/true";
            OTHER_SWIFT_FLAGS = (
               "-swift-version",
               "4.2",
               "-I",
               "$(TOOLCHAIN_DIR)/usr/lib/swift/pm/4_2",
               "-target",
               "x86_64-apple-macosx10.10",
               "-sdk",
               "/Applications/Xcode.app/Contents/Developer/Platforms/MacOSX.platform/Developer/SDKs/MacOSX10.14.sdk"
            );
            SWIFT_VERSION = "4.2";
         };
         name = "Release";
      };
      "OBJ_214" = {
         isa = "PBXSourcesBuildPhase";
         files = (
            "OBJ_215"
         );
      };
      "OBJ_215" = {
         isa = "PBXBuildFile";
         fileRef = "OBJ_85";
      };
      "OBJ_216" = {
         isa = "XCConfigurationList";
         buildConfigurations = (
            "OBJ_217",
            "OBJ_218"
         );
         defaultConfigurationIsVisible = "0";
         defaultConfigurationName = "Release";
      };
      "OBJ_217" = {
         isa = "XCBuildConfiguration";
         buildSettings = {
            DEFINES_MODULE = "NO";
            ENABLE_TESTABILITY = "YES";
            FRAMEWORK_SEARCH_PATHS = (
               "$(inherited)",
               "$(PLATFORM_DIR)/Developer/Library/Frameworks"
            );
            HEADER_SEARCH_PATHS = (
               "$(inherited)",
               "$(SRCROOT)/.build/checkouts/swift-syntax/Sources/_CSwiftSyntax/include"
            );
            INFOPLIST_FILE = "EnumProperties.xcodeproj/_CSwiftSyntax_Info.plist";
            LD_RUNPATH_SEARCH_PATHS = (
               "$(inherited)",
               "$(TOOLCHAIN_DIR)/usr/lib/swift/macosx"
            );
            OTHER_CFLAGS = (
               "$(inherited)"
            );
            OTHER_LDFLAGS = (
               "$(inherited)"
            );
            OTHER_SWIFT_FLAGS = (
               "$(inherited)"
            );
            PRODUCT_BUNDLE_IDENTIFIER = "-CSwiftSyntax";
            PRODUCT_MODULE_NAME = "$(TARGET_NAME:c99extidentifier)";
            PRODUCT_NAME = "$(TARGET_NAME:c99extidentifier)";
            SKIP_INSTALL = "YES";
            SWIFT_ACTIVE_COMPILATION_CONDITIONS = (
               "$(inherited)"
            );
            TARGET_NAME = "_CSwiftSyntax";
         };
         name = "Debug";
      };
      "OBJ_218" = {
         isa = "XCBuildConfiguration";
         buildSettings = {
            DEFINES_MODULE = "NO";
            ENABLE_TESTABILITY = "YES";
            FRAMEWORK_SEARCH_PATHS = (
               "$(inherited)",
               "$(PLATFORM_DIR)/Developer/Library/Frameworks"
            );
            HEADER_SEARCH_PATHS = (
               "$(inherited)",
               "$(SRCROOT)/.build/checkouts/swift-syntax/Sources/_CSwiftSyntax/include"
            );
            INFOPLIST_FILE = "EnumProperties.xcodeproj/_CSwiftSyntax_Info.plist";
            LD_RUNPATH_SEARCH_PATHS = (
               "$(inherited)",
               "$(TOOLCHAIN_DIR)/usr/lib/swift/macosx"
            );
            OTHER_CFLAGS = (
               "$(inherited)"
            );
            OTHER_LDFLAGS = (
               "$(inherited)"
            );
            OTHER_SWIFT_FLAGS = (
               "$(inherited)"
            );
            PRODUCT_BUNDLE_IDENTIFIER = "-CSwiftSyntax";
            PRODUCT_MODULE_NAME = "$(TARGET_NAME:c99extidentifier)";
            PRODUCT_NAME = "$(TARGET_NAME:c99extidentifier)";
            SKIP_INSTALL = "YES";
            SWIFT_ACTIVE_COMPILATION_CONDITIONS = (
               "$(inherited)"
            );
            TARGET_NAME = "_CSwiftSyntax";
         };
         name = "Release";
      };
      "OBJ_219" = {
         isa = "PBXSourcesBuildPhase";
         files = (
            "OBJ_220"
         );
      };
      "OBJ_22" = {
         isa = "PBXFileReference";
         path = "testRewriteNesting.1.swift";
         sourceTree = "<group>";
      };
      "OBJ_220" = {
         isa = "PBXBuildFile";
         fileRef = "OBJ_81";
      };
      "OBJ_221" = {
         isa = "PBXFrameworksBuildPhase";
         files = (
         );
      };
      "OBJ_223" = {
         isa = "XCConfigurationList";
         buildConfigurations = (
            "OBJ_224",
            "OBJ_225"
         );
         defaultConfigurationIsVisible = "0";
         defaultConfigurationName = "Release";
      };
      "OBJ_224" = {
         isa = "XCBuildConfiguration";
         buildSettings = {
            FRAMEWORK_SEARCH_PATHS = (
               "$(inherited)",
               "$(PLATFORM_DIR)/Developer/Library/Frameworks"
            );
            HEADER_SEARCH_PATHS = (
               "$(inherited)",
               "$(SRCROOT)/.build/checkouts/swift-syntax/Sources/_CSwiftSyntax/include",
               "$(SRCROOT)/EnumProperties.xcodeproj/GeneratedModuleMap/_CSwiftSyntax"
            );
            INFOPLIST_FILE = "EnumProperties.xcodeproj/generate_enum_properties_Info.plist";
            IPHONEOS_DEPLOYMENT_TARGET = "8.0";
            LD_RUNPATH_SEARCH_PATHS = (
               "$(inherited)",
               "$(TOOLCHAIN_DIR)/usr/lib/swift/macosx",
               "@executable_path"
            );
            MACOSX_DEPLOYMENT_TARGET = "10.10";
            OTHER_CFLAGS = (
               "$(inherited)"
            );
            OTHER_LDFLAGS = (
               "$(inherited)"
            );
            OTHER_SWIFT_FLAGS = (
               "$(inherited)",
               "-Xcc",
               "-fmodule-map-file=$(SRCROOT)/EnumProperties.xcodeproj/GeneratedModuleMap/_CSwiftSyntax/module.modulemap"
            );
            SWIFT_ACTIVE_COMPILATION_CONDITIONS = (
               "$(inherited)"
            );
            SWIFT_FORCE_DYNAMIC_LINK_STDLIB = "YES";
            SWIFT_FORCE_STATIC_LINK_STDLIB = "NO";
            SWIFT_VERSION = "5.0";
            TARGET_NAME = "generate-enum-properties";
            TVOS_DEPLOYMENT_TARGET = "9.0";
            WATCHOS_DEPLOYMENT_TARGET = "2.0";
         };
         name = "Debug";
      };
      "OBJ_225" = {
         isa = "XCBuildConfiguration";
         buildSettings = {
            FRAMEWORK_SEARCH_PATHS = (
               "$(inherited)",
               "$(PLATFORM_DIR)/Developer/Library/Frameworks"
            );
            HEADER_SEARCH_PATHS = (
               "$(inherited)",
               "$(SRCROOT)/.build/checkouts/swift-syntax/Sources/_CSwiftSyntax/include",
               "$(SRCROOT)/EnumProperties.xcodeproj/GeneratedModuleMap/_CSwiftSyntax"
            );
            INFOPLIST_FILE = "EnumProperties.xcodeproj/generate_enum_properties_Info.plist";
            IPHONEOS_DEPLOYMENT_TARGET = "8.0";
            LD_RUNPATH_SEARCH_PATHS = (
               "$(inherited)",
               "$(TOOLCHAIN_DIR)/usr/lib/swift/macosx",
               "@executable_path"
            );
            MACOSX_DEPLOYMENT_TARGET = "10.10";
            OTHER_CFLAGS = (
               "$(inherited)"
            );
            OTHER_LDFLAGS = (
               "$(inherited)"
            );
            OTHER_SWIFT_FLAGS = (
               "$(inherited)",
               "-Xcc",
               "-fmodule-map-file=$(SRCROOT)/EnumProperties.xcodeproj/GeneratedModuleMap/_CSwiftSyntax/module.modulemap"
            );
            SWIFT_ACTIVE_COMPILATION_CONDITIONS = (
               "$(inherited)"
            );
            SWIFT_FORCE_DYNAMIC_LINK_STDLIB = "YES";
            SWIFT_FORCE_STATIC_LINK_STDLIB = "NO";
            SWIFT_VERSION = "5.0";
            TARGET_NAME = "generate-enum-properties";
            TVOS_DEPLOYMENT_TARGET = "9.0";
            WATCHOS_DEPLOYMENT_TARGET = "2.0";
         };
         name = "Release";
      };
      "OBJ_226" = {
         isa = "PBXSourcesBuildPhase";
         files = (
            "OBJ_227"
         );
      };
      "OBJ_227" = {
         isa = "PBXBuildFile";
         fileRef = "OBJ_12";
      };
      "OBJ_228" = {
         isa = "PBXFrameworksBuildPhase";
         files = (
            "OBJ_229",
            "OBJ_230",
            "OBJ_231"
         );
      };
      "OBJ_229" = {
         isa = "PBXBuildFile";
         fileRef = "EnumProperties::EnumProperties::Product";
      };
      "OBJ_23" = {
         isa = "PBXFileReference";
         path = "testSingleAssociatedValue.1.swift";
         sourceTree = "<group>";
      };
      "OBJ_230" = {
         isa = "PBXBuildFile";
         fileRef = "SwiftSyntax::SwiftSyntax::Product";
      };
      "OBJ_231" = {
         isa = "PBXBuildFile";
         fileRef = "SwiftSyntax::_CSwiftSyntax::Product";
      };
      "OBJ_232" = {
         isa = "PBXTargetDependency";
         target = "EnumProperties::EnumProperties";
      };
      "OBJ_233" = {
         isa = "PBXTargetDependency";
         target = "SwiftSyntax::SwiftSyntax";
      };
      "OBJ_234" = {
         isa = "PBXTargetDependency";
         target = "SwiftSyntax::_CSwiftSyntax";
      };
      "OBJ_24" = {
         isa = "PBXFileReference";
         path = "testSingleDecl.1.swift";
         sourceTree = "<group>";
      };
      "OBJ_25" = {
         isa = "PBXGroup";
         children = (
            "OBJ_26",
            "OBJ_58"
         );
         name = "Dependencies";
         path = "";
         sourceTree = "<group>";
      };
      "OBJ_26" = {
         isa = "PBXGroup";
         children = (
            "OBJ_27",
            "OBJ_57"
         );
         name = "SnapshotTesting 1.5.0";
         path = "";
         sourceTree = "SOURCE_ROOT";
      };
      "OBJ_27" = {
         isa = "PBXGroup";
         children = (
            "OBJ_28",
            "OBJ_29",
            "OBJ_30",
            "OBJ_31",
            "OBJ_36",
            "OBJ_37",
            "OBJ_38",
            "OBJ_39",
            "OBJ_40"
         );
         name = "SnapshotTesting";
         path = ".build/checkouts/swift-snapshot-testing/Sources/SnapshotTesting";
         sourceTree = "SOURCE_ROOT";
      };
      "OBJ_28" = {
         isa = "PBXFileReference";
         path = "AssertInlineSnapshot.swift";
         sourceTree = "<group>";
      };
      "OBJ_29" = {
         isa = "PBXFileReference";
         path = "AssertSnapshot.swift";
         sourceTree = "<group>";
      };
      "OBJ_3" = {
         isa = "XCBuildConfiguration";
         buildSettings = {
            CLANG_ENABLE_OBJC_ARC = "YES";
            COMBINE_HIDPI_IMAGES = "YES";
            COPY_PHASE_STRIP = "NO";
            DEBUG_INFORMATION_FORMAT = "dwarf";
            DYLIB_INSTALL_NAME_BASE = "@rpath";
            ENABLE_NS_ASSERTIONS = "YES";
            GCC_OPTIMIZATION_LEVEL = "0";
            GCC_PREPROCESSOR_DEFINITIONS = (
               "$(inherited)",
               "SWIFT_PACKAGE=1",
               "DEBUG=1"
            );
            MACOSX_DEPLOYMENT_TARGET = "10.10";
            ONLY_ACTIVE_ARCH = "YES";
            OTHER_SWIFT_FLAGS = (
               "-DXcode"
            );
            PRODUCT_NAME = "$(TARGET_NAME)";
            SDKROOT = "macosx";
            SUPPORTED_PLATFORMS = (
               "macosx",
               "iphoneos",
               "iphonesimulator",
               "appletvos",
               "appletvsimulator",
               "watchos",
               "watchsimulator"
            );
            SWIFT_ACTIVE_COMPILATION_CONDITIONS = (
               "$(inherited)",
               "SWIFT_PACKAGE",
               "DEBUG"
            );
            SWIFT_OPTIMIZATION_LEVEL = "-Onone";
            USE_HEADERMAP = "NO";
         };
         name = "Debug";
      };
      "OBJ_30" = {
         isa = "PBXFileReference";
         path = "Async.swift";
         sourceTree = "<group>";
      };
      "OBJ_31" = {
         isa = "PBXGroup";
         children = (
            "OBJ_32",
            "OBJ_33",
            "OBJ_34",
            "OBJ_35"
         );
         name = "Common";
         path = "Common";
         sourceTree = "<group>";
      };
      "OBJ_32" = {
         isa = "PBXFileReference";
         path = "Internal.swift";
         sourceTree = "<group>";
      };
      "OBJ_33" = {
         isa = "PBXFileReference";
         path = "PlistEncoder.swift";
         sourceTree = "<group>";
      };
      "OBJ_34" = {
         isa = "PBXFileReference";
         path = "View.swift";
         sourceTree = "<group>";
      };
      "OBJ_35" = {
         isa = "PBXFileReference";
         path = "XCTAttachment.swift";
         sourceTree = "<group>";
      };
      "OBJ_36" = {
         isa = "PBXFileReference";
         path = "Diff.swift";
         sourceTree = "<group>";
      };
      "OBJ_37" = {
         isa = "PBXFileReference";
         path = "Diffing.swift";
         sourceTree = "<group>";
      };
      "OBJ_38" = {
         isa = "PBXFileReference";
         path = "SnapshotTestCase.swift";
         sourceTree = "<group>";
      };
      "OBJ_39" = {
         isa = "PBXFileReference";
         path = "Snapshotting.swift";
         sourceTree = "<group>";
      };
      "OBJ_4" = {
         isa = "XCBuildConfiguration";
         buildSettings = {
            CLANG_ENABLE_OBJC_ARC = "YES";
            COMBINE_HIDPI_IMAGES = "YES";
            COPY_PHASE_STRIP = "YES";
            DEBUG_INFORMATION_FORMAT = "dwarf-with-dsym";
            DYLIB_INSTALL_NAME_BASE = "@rpath";
            GCC_OPTIMIZATION_LEVEL = "s";
            GCC_PREPROCESSOR_DEFINITIONS = (
               "$(inherited)",
               "SWIFT_PACKAGE=1"
            );
            MACOSX_DEPLOYMENT_TARGET = "10.10";
            OTHER_SWIFT_FLAGS = (
               "-DXcode"
            );
            PRODUCT_NAME = "$(TARGET_NAME)";
            SDKROOT = "macosx";
            SUPPORTED_PLATFORMS = (
               "macosx",
               "iphoneos",
               "iphonesimulator",
               "appletvos",
               "appletvsimulator",
               "watchos",
               "watchsimulator"
            );
            SWIFT_ACTIVE_COMPILATION_CONDITIONS = (
               "$(inherited)",
               "SWIFT_PACKAGE"
            );
            SWIFT_OPTIMIZATION_LEVEL = "-Owholemodule";
            USE_HEADERMAP = "NO";
         };
         name = "Release";
      };
      "OBJ_40" = {
         isa = "PBXGroup";
         children = (
            "OBJ_41",
            "OBJ_42",
            "OBJ_43",
            "OBJ_44",
            "OBJ_45",
            "OBJ_46",
            "OBJ_47",
            "OBJ_48",
            "OBJ_49",
            "OBJ_50",
            "OBJ_51",
            "OBJ_52",
            "OBJ_53",
            "OBJ_54",
            "OBJ_55",
            "OBJ_56"
         );
         name = "Snapshotting";
         path = "Snapshotting";
         sourceTree = "<group>";
      };
      "OBJ_41" = {
         isa = "PBXFileReference";
         path = "Any.swift";
         sourceTree = "<group>";
      };
      "OBJ_42" = {
         isa = "PBXFileReference";
         path = "CALayer.swift";
         sourceTree = "<group>";
      };
      "OBJ_43" = {
         isa = "PBXFileReference";
         path = "CaseIterable.swift";
         sourceTree = "<group>";
      };
      "OBJ_44" = {
         isa = "PBXFileReference";
         path = "Codable.swift";
         sourceTree = "<group>";
      };
      "OBJ_45" = {
         isa = "PBXFileReference";
         path = "Data.swift";
         sourceTree = "<group>";
      };
      "OBJ_46" = {
         isa = "PBXFileReference";
         path = "Description.swift";
         sourceTree = "<group>";
      };
      "OBJ_47" = {
         isa = "PBXFileReference";
         path = "NSImage.swift";
         sourceTree = "<group>";
      };
      "OBJ_48" = {
         isa = "PBXFileReference";
         path = "NSView.swift";
         sourceTree = "<group>";
      };
      "OBJ_49" = {
         isa = "PBXFileReference";
         path = "NSViewController.swift";
         sourceTree = "<group>";
      };
      "OBJ_5" = {
         isa = "PBXGroup";
         children = (
            "OBJ_6",
            "OBJ_7",
            "OBJ_13",
            "OBJ_25",
            "OBJ_86",
            "OBJ_93",
            "OBJ_94",
            "OBJ_95",
            "OBJ_96",
            "OBJ_97"
         );
         path = "";
         sourceTree = "<group>";
      };
      "OBJ_50" = {
         isa = "PBXFileReference";
         path = "SceneKit.swift";
         sourceTree = "<group>";
      };
      "OBJ_51" = {
         isa = "PBXFileReference";
         path = "SpriteKit.swift";
         sourceTree = "<group>";
      };
      "OBJ_52" = {
         isa = "PBXFileReference";
         path = "String.swift";
         sourceTree = "<group>";
      };
      "OBJ_53" = {
         isa = "PBXFileReference";
         path = "UIImage.swift";
         sourceTree = "<group>";
      };
      "OBJ_54" = {
         isa = "PBXFileReference";
         path = "UIView.swift";
         sourceTree = "<group>";
      };
      "OBJ_55" = {
         isa = "PBXFileReference";
         path = "UIViewController.swift";
         sourceTree = "<group>";
      };
      "OBJ_56" = {
         isa = "PBXFileReference";
         path = "URLRequest.swift";
         sourceTree = "<group>";
      };
      "OBJ_57" = {
         isa = "PBXFileReference";
         explicitFileType = "sourcecode.swift";
         name = "Package.swift";
         path = "/Users/stephencelis/Developer/pointfreeco/swift-enum-properties/.build/checkouts/swift-snapshot-testing/Package.swift";
         sourceTree = "<group>";
      };
      "OBJ_58" = {
         isa = "PBXGroup";
         children = (
            "OBJ_59",
            "OBJ_79",
            "OBJ_84",
            "OBJ_85"
         );
         name = "SwiftSyntax";
         path = "";
         sourceTree = "SOURCE_ROOT";
      };
      "OBJ_59" = {
         isa = "PBXGroup";
         children = (
            "OBJ_60",
            "OBJ_61",
            "OBJ_62",
            "OBJ_63",
            "OBJ_64",
            "OBJ_65",
            "OBJ_66",
            "OBJ_67",
            "OBJ_68",
            "OBJ_69",
            "OBJ_70",
            "OBJ_71",
            "OBJ_72",
            "OBJ_73",
            "OBJ_74",
            "OBJ_75",
            "OBJ_76",
            "OBJ_77",
            "OBJ_78"
         );
         name = "SwiftSyntax";
         path = ".build/checkouts/swift-syntax/Sources/SwiftSyntax";
         sourceTree = "SOURCE_ROOT";
      };
      "OBJ_6" = {
         isa = "PBXFileReference";
         explicitFileType = "sourcecode.swift";
         path = "Package.swift";
         sourceTree = "<group>";
      };
      "OBJ_60" = {
         isa = "PBXFileReference";
         path = "AbsolutePosition.swift";
         sourceTree = "<group>";
      };
      "OBJ_61" = {
         isa = "PBXFileReference";
         path = "AtomicCounter.swift";
         sourceTree = "<group>";
      };
      "OBJ_62" = {
         isa = "PBXFileReference";
         path = "Diagnostic.swift";
         sourceTree = "<group>";
      };
      "OBJ_63" = {
         isa = "PBXFileReference";
         path = "DiagnosticConsumer.swift";
         sourceTree = "<group>";
      };
      "OBJ_64" = {
         isa = "PBXFileReference";
         path = "DiagnosticEngine.swift";
         sourceTree = "<group>";
      };
      "OBJ_65" = {
         isa = "PBXFileReference";
         path = "IncrementalParseTransition.swift";
         sourceTree = "<group>";
      };
      "OBJ_66" = {
         isa = "PBXFileReference";
         path = "JSONDiagnosticConsumer.swift";
         sourceTree = "<group>";
      };
      "OBJ_67" = {
         isa = "PBXFileReference";
         path = "PrintingDiagnosticConsumer.swift";
         sourceTree = "<group>";
      };
      "OBJ_68" = {
         isa = "PBXFileReference";
         path = "RawSyntax.swift";
         sourceTree = "<group>";
      };
      "OBJ_69" = {
         isa = "PBXFileReference";
         path = "SourceLength.swift";
         sourceTree = "<group>";
      };
      "OBJ_7" = {
         isa = "PBXGroup";
         children = (
            "OBJ_8",
            "OBJ_11"
         );
         name = "Sources";
         path = "";
         sourceTree = "SOURCE_ROOT";
      };
      "OBJ_70" = {
         isa = "PBXFileReference";
         path = "SourceLocation.swift";
         sourceTree = "<group>";
      };
      "OBJ_71" = {
         isa = "PBXFileReference";
         path = "SourcePresence.swift";
         sourceTree = "<group>";
      };
      "OBJ_72" = {
         isa = "PBXFileReference";
         path = "Syntax.swift";
         sourceTree = "<group>";
      };
      "OBJ_73" = {
         isa = "PBXFileReference";
         path = "SyntaxChildren.swift";
         sourceTree = "<group>";
      };
      "OBJ_74" = {
         isa = "PBXFileReference";
         path = "SyntaxClassifier.swift";
         sourceTree = "<group>";
      };
      "OBJ_75" = {
         isa = "PBXFileReference";
         path = "SyntaxData.swift";
         sourceTree = "<group>";
      };
      "OBJ_76" = {
         isa = "PBXFileReference";
         path = "SyntaxParser.swift";
         sourceTree = "<group>";
      };
      "OBJ_77" = {
         isa = "PBXFileReference";
         path = "SyntaxVerifier.swift";
         sourceTree = "<group>";
      };
      "OBJ_78" = {
         isa = "PBXFileReference";
         path = "Utils.swift";
         sourceTree = "<group>";
      };
      "OBJ_79" = {
         isa = "PBXGroup";
         children = (
            "OBJ_80",
            "OBJ_82"
         );
         name = "_CSwiftSyntax";
         path = ".build/checkouts/swift-syntax/Sources/_CSwiftSyntax";
         sourceTree = "SOURCE_ROOT";
      };
      "OBJ_8" = {
         isa = "PBXGroup";
         children = (
            "OBJ_9",
            "OBJ_10"
         );
         name = "EnumProperties";
         path = "Sources/EnumProperties";
         sourceTree = "SOURCE_ROOT";
      };
      "OBJ_80" = {
         isa = "PBXGroup";
         children = (
            "OBJ_81"
         );
         name = "src";
         path = "src";
         sourceTree = "<group>";
      };
      "OBJ_81" = {
         isa = "PBXFileReference";
         path = "atomic-counter.c";
         sourceTree = "<group>";
      };
      "OBJ_82" = {
         isa = "PBXGroup";
         children = (
            "OBJ_83"
         );
         name = "include";
         path = "include";
         sourceTree = "<group>";
      };
      "OBJ_83" = {
         isa = "PBXFileReference";
         name = "module.modulemap";
         path = "/Users/stephencelis/Developer/pointfreeco/swift-enum-properties/EnumProperties.xcodeproj/GeneratedModuleMap/_CSwiftSyntax/module.modulemap";
         sourceTree = "<group>";
      };
      "OBJ_84" = {
         isa = "PBXGroup";
         children = (
         );
         name = "lit-test-helper";
         path = ".build/checkouts/swift-syntax/Sources/lit-test-helper";
         sourceTree = "SOURCE_ROOT";
      };
      "OBJ_85" = {
         isa = "PBXFileReference";
         explicitFileType = "sourcecode.swift";
         name = "Package.swift";
         path = "/Users/stephencelis/Developer/pointfreeco/swift-enum-properties/.build/checkouts/swift-syntax/Package.swift";
         sourceTree = "<group>";
      };
      "OBJ_86" = {
         isa = "PBXGroup";
         children = (
            "EnumProperties::EnumPropertiesTests::Product",
            "SnapshotTesting::SnapshotTesting::Product",
            "SwiftSyntax::SwiftSyntax::Product",
            "SwiftSyntax::_CSwiftSyntax::Product",
            "EnumProperties::generate-enum-properties::Product",
            "EnumProperties::EnumProperties::Product"
         );
         name = "Products";
         path = "";
         sourceTree = "BUILT_PRODUCTS_DIR";
      };
      "OBJ_9" = {
         isa = "PBXFileReference";
         path = "EnumPropertyRewriter.swift";
         sourceTree = "<group>";
      };
      "OBJ_93" = {
         isa = "PBXFileReference";
         path = "Formula";
         sourceTree = "SOURCE_ROOT";
      };
      "OBJ_94" = {
         isa = "PBXFileReference";
         path = "LICENSE";
         sourceTree = "<group>";
      };
      "OBJ_95" = {
         isa = "PBXFileReference";
         path = "Dockerfile";
         sourceTree = "<group>";
      };
      "OBJ_96" = {
         isa = "PBXFileReference";
         path = "Makefile";
         sourceTree = "<group>";
      };
      "OBJ_97" = {
         isa = "PBXFileReference";
         path = "README.md";
         sourceTree = "<group>";
      };
      "OBJ_99" = {
         isa = "XCConfigurationList";
         buildConfigurations = (
            "OBJ_100",
            "OBJ_101"
         );
         defaultConfigurationIsVisible = "0";
         defaultConfigurationName = "Release";
      };
      "SnapshotTesting::SnapshotTesting" = {
         isa = "PBXNativeTarget";
         buildConfigurationList = "OBJ_146";
         buildPhases = (
            "OBJ_149",
            "OBJ_177"
         );
         dependencies = (
         );
         name = "SnapshotTesting";
         productName = "SnapshotTesting";
         productReference = "SnapshotTesting::SnapshotTesting::Product";
         productType = "com.apple.product-type.framework";
      };
      "SnapshotTesting::SnapshotTesting::Product" = {
         isa = "PBXFileReference";
         path = "SnapshotTesting.framework";
         sourceTree = "BUILT_PRODUCTS_DIR";
      };
      "SnapshotTesting::SwiftPMPackageDescription" = {
         isa = "PBXNativeTarget";
         buildConfigurationList = "OBJ_179";
         buildPhases = (
            "OBJ_182"
         );
         dependencies = (
         );
         name = "SnapshotTestingPackageDescription";
         productName = "SnapshotTestingPackageDescription";
         productType = "com.apple.product-type.framework";
      };
      "SwiftSyntax::SwiftPMPackageDescription" = {
         isa = "PBXNativeTarget";
         buildConfigurationList = "OBJ_211";
         buildPhases = (
            "OBJ_214"
         );
         dependencies = (
         );
         name = "SwiftSyntaxPackageDescription";
         productName = "SwiftSyntaxPackageDescription";
         productType = "com.apple.product-type.framework";
      };
      "SwiftSyntax::SwiftSyntax" = {
         isa = "PBXNativeTarget";
         buildConfigurationList = "OBJ_184";
         buildPhases = (
            "OBJ_187",
            "OBJ_207"
         );
         dependencies = (
            "OBJ_209"
         );
         name = "SwiftSyntax";
         productName = "SwiftSyntax";
         productReference = "SwiftSyntax::SwiftSyntax::Product";
         productType = "com.apple.product-type.framework";
      };
      "SwiftSyntax::SwiftSyntax::Product" = {
         isa = "PBXFileReference";
         path = "SwiftSyntax.framework";
         sourceTree = "BUILT_PRODUCTS_DIR";
      };
      "SwiftSyntax::_CSwiftSyntax" = {
         isa = "PBXNativeTarget";
         buildConfigurationList = "OBJ_216";
         buildPhases = (
            "OBJ_219",
            "OBJ_221"
         );
         dependencies = (
         );
         name = "_CSwiftSyntax";
         productName = "_CSwiftSyntax";
         productReference = "SwiftSyntax::_CSwiftSyntax::Product";
         productType = "com.apple.product-type.framework";
      };
      "SwiftSyntax::_CSwiftSyntax::Product" = {
         isa = "PBXFileReference";
         path = "_CSwiftSyntax.framework";
         sourceTree = "BUILT_PRODUCTS_DIR";
      };
   };
   rootObject = "OBJ_1";
}
